
Microsoft Visual Studio Solution File, Format Version 11.00
# Visual Studio 2010
Project("{FAE04EC0-301F-11D3-BF4B-00C04F79EFBC}") = "Assembly-CSharp", "Assembly-CSharp.csproj", "{D6A5553D-70BF-BC41-B8E7-9B5D65CB1770}"
EndProject
Global
	GlobalSection(SolutionConfigurationPlatforms) = preSolution
		Debug|Any CPU = Debug|Any CPU
		Release|Any CPU = Release|Any CPU
	EndGlobalSection
	GlobalSection(ProjectConfigurationPlatforms) = postSolution
		{D6A5553D-70BF-BC41-B8E7-9B5D65CB1770}.Debug|Any CPU.ActiveCfg = Debug|Any CPU
		{D6A5553D-70BF-BC41-B8E7-9B5D65CB1770}.Debug|Any CPU.Build.0 = Debug|Any CPU
		{D6A5553D-70BF-BC41-B8E7-9B5D65CB1770}.Release|Any CPU.ActiveCfg = Release|Any CPU
		{D6A5553D-70BF-BC41-B8E7-9B5D65CB1770}.Release|Any CPU.Build.0 = Release|Any CPU
	EndGlobalSection
	GlobalSection(SolutionProperties) = preSolution
		HideSolutionNode = FALSE
	EndGlobalSection
EndGlobal
